
Microsoft Visual Studio Solution File, Format Version 12.00
# Visual Studio 14
VisualStudioVersion = 14.0.25420.1
MinimumVisualStudioVersion = 10.0.40219.1
Project("{FAE04EC0-301F-11D3-BF4B-00C04F79EFBC}") = "HybridKit.iOS", "HybridKit.iOS\HybridKit.iOS.csproj", "{C5EB2C53-904F-4A3E-80D7-2C8A35F9FAAF}"
EndProject
Project("{2150E333-8FDC-42A3-9474-1A3956D46DE8}") = "Samples", "Samples", "{A6E20686-8954-4F3C-AB6F-DC3505D4E92B}"
	ProjectSection(SolutionItems) = preProject
		Samples\Test\Test.fsx = Samples\Test\Test.fsx
	EndProjectSection
EndProject
Project("{D954291E-2A0B-460D-934E-DC6B0785DB48}") = "HybridKit.Apple", "HybridKit.Apple\HybridKit.Apple.shproj", "{72602F4D-367E-46D4-A695-4E9049880532}"
EndProject
Project("{FAE04EC0-301F-11D3-BF4B-00C04F79EFBC}") = "HybridKit.Android", "HybridKit.Android\HybridKit.Android.csproj", "{FF565BA2-92F8-487B-AA5E-C0B175DA28B7}"
EndProject
Project("{FAE04EC0-301F-11D3-BF4B-00C04F79EFBC}") = "HybridKit", "HybridKit\HybridKit.csproj", "{D62F445D-B668-417A-AEF2-D91E63C2CDE5}"
EndProject
Project("{2150E333-8FDC-42A3-9474-1A3956D46DE8}") = "Tests", "Tests", "{CF85437A-5572-411F-8B2E-B29FDDF1BB9F}"
EndProject
Project("{FAE04EC0-301F-11D3-BF4B-00C04F79EFBC}") = "HybridKit.Tests.iOS", "Tests\iOS\HybridKit.Tests.iOS.csproj", "{DA85B7A1-232D-427B-A7AA-922B70F892D6}"
EndProject
Project("{FAE04EC0-301F-11D3-BF4B-00C04F79EFBC}") = "HybridKit.Tests.Android", "Tests\Android\HybridKit.Tests.Android.csproj", "{543A833A-B3E2-4ED5-98C4-BF890BC676A9}"
EndProject
Project("{D954291E-2A0B-460D-934E-DC6B0785DB48}") = "HybridKit.Tests", "Tests\Shared\HybridKit.Tests.shproj", "{34F6FCF1-09EB-469A-BB0E-E857F5EF1996}"
EndProject
Project("{2150E333-8FDC-42A3-9474-1A3956D46DE8}") = "Guiunit", "Guiunit", "{ADE98D6B-F312-444B-8601-BB67B55066C1}"
EndProject
Project("{FAE04EC0-301F-11D3-BF4B-00C04F79EFBC}") = "GuiUnit_iOS", "Tests\guiunit\src\framework\GuiUnit_iOS\GuiUnit_iOS.csproj", "{ACA03A1E-FCBB-4B6A-BE04-1322E96D169F}"
EndProject
Project("{FAE04EC0-301F-11D3-BF4B-00C04F79EFBC}") = "GuiUnit_Android", "Tests\guiunit\src\framework\GuiUnit_Android\GuiUnit_Android.csproj", "{C33A73F1-1CEC-4550-97B9-E7571E9AF4E6}"
EndProject
Project("{F2A71F9B-5D33-465A-A702-920D77279786}") = "HybridKit.Apps", "HybridKit.Apps\HybridKit.Apps.fsproj", "{B13BAA9E-28C5-44C9-9C30-DB75093EC4A9}"
EndProject
Project("{F2A71F9B-5D33-465A-A702-920D77279786}") = "HybridKit.Tests.Apps", "Tests\Apps\HybridKit.Tests.Apps.fsproj", "{CF5E02FC-D232-47A8-9DBD-22520A21BD5D}"
EndProject
Global
	GlobalSection(SharedMSBuildProjectFiles) = preSolution
		Tests\Shared\HybridKit.Tests.projitems*{34f6fcf1-09eb-469a-bb0e-e857f5ef1996}*SharedItemsImports = 13
		Tests\Shared\HybridKit.Tests.projitems*{543a833a-b3e2-4ed5-98c4-bf890bc676a9}*SharedItemsImports = 4
		HybridKit.Apple\HybridKit.Apple.projitems*{72602f4d-367e-46d4-a695-4e9049880532}*SharedItemsImports = 13
		Tests\guiunit\src\framework\GuiUnit.projitems*{aca03a1e-fcbb-4b6a-be04-1322e96d169f}*SharedItemsImports = 4
		Tests\guiunit\src\framework\GuiUnit.projitems*{c33a73f1-1cec-4550-97b9-e7571e9af4e6}*SharedItemsImports = 4
		HybridKit.Apple\HybridKit.Apple.projitems*{c5eb2c53-904f-4a3e-80d7-2c8a35f9faaf}*SharedItemsImports = 4
		Tests\Shared\HybridKit.Tests.projitems*{da85b7a1-232d-427b-a7aa-922b70f892d6}*SharedItemsImports = 4
	EndGlobalSection
	GlobalSection(SolutionConfigurationPlatforms) = preSolution
		Ad-Hoc|Any CPU = Ad-Hoc|Any CPU
		Ad-Hoc|iPhone = Ad-Hoc|iPhone
		Ad-Hoc|iPhoneSimulator = Ad-Hoc|iPhoneSimulator
		AppStore|Any CPU = AppStore|Any CPU
		AppStore|iPhone = AppStore|iPhone
		AppStore|iPhoneSimulator = AppStore|iPhoneSimulator
		Debug|Any CPU = Debug|Any CPU
		Debug|iPhone = Debug|iPhone
		Debug|iPhoneSimulator = Debug|iPhoneSimulator
		Release|Any CPU = Release|Any CPU
		Release|iPhone = Release|iPhone
		Release|iPhoneSimulator = Release|iPhoneSimulator
	EndGlobalSection
	GlobalSection(ProjectConfigurationPlatforms) = postSolution
		{C5EB2C53-904F-4A3E-80D7-2C8A35F9FAAF}.Ad-Hoc|Any CPU.ActiveCfg = Release|Any CPU
		{C5EB2C53-904F-4A3E-80D7-2C8A35F9FAAF}.Ad-Hoc|iPhone.ActiveCfg = Debug|Any CPU
		{C5EB2C53-904F-4A3E-80D7-2C8A35F9FAAF}.Ad-Hoc|iPhone.Build.0 = Debug|Any CPU
		{C5EB2C53-904F-4A3E-80D7-2C8A35F9FAAF}.Ad-Hoc|iPhoneSimulator.ActiveCfg = Release|Any CPU
		{C5EB2C53-904F-4A3E-80D7-2C8A35F9FAAF}.AppStore|Any CPU.ActiveCfg = Release|Any CPU
		{C5EB2C53-904F-4A3E-80D7-2C8A35F9FAAF}.AppStore|iPhone.ActiveCfg = Debug|Any CPU
		{C5EB2C53-904F-4A3E-80D7-2C8A35F9FAAF}.AppStore|iPhone.Build.0 = Debug|Any CPU
		{C5EB2C53-904F-4A3E-80D7-2C8A35F9FAAF}.AppStore|iPhoneSimulator.ActiveCfg = Release|Any CPU
		{C5EB2C53-904F-4A3E-80D7-2C8A35F9FAAF}.Debug|Any CPU.ActiveCfg = Debug|Any CPU
		{C5EB2C53-904F-4A3E-80D7-2C8A35F9FAAF}.Debug|Any CPU.Build.0 = Debug|Any CPU
		{C5EB2C53-904F-4A3E-80D7-2C8A35F9FAAF}.Debug|iPhone.ActiveCfg = Debug|Any CPU
		{C5EB2C53-904F-4A3E-80D7-2C8A35F9FAAF}.Debug|iPhone.Build.0 = Debug|Any CPU
		{C5EB2C53-904F-4A3E-80D7-2C8A35F9FAAF}.Debug|iPhoneSimulator.ActiveCfg = Debug|Any CPU
		{C5EB2C53-904F-4A3E-80D7-2C8A35F9FAAF}.Debug|iPhoneSimulator.Build.0 = Debug|Any CPU
		{C5EB2C53-904F-4A3E-80D7-2C8A35F9FAAF}.Release|Any CPU.ActiveCfg = Release|Any CPU
		{C5EB2C53-904F-4A3E-80D7-2C8A35F9FAAF}.Release|Any CPU.Build.0 = Release|Any CPU
		{C5EB2C53-904F-4A3E-80D7-2C8A35F9FAAF}.Release|iPhone.ActiveCfg = Release|Any CPU
		{C5EB2C53-904F-4A3E-80D7-2C8A35F9FAAF}.Release|iPhone.Build.0 = Release|Any CPU
		{C5EB2C53-904F-4A3E-80D7-2C8A35F9FAAF}.Release|iPhoneSimulator.ActiveCfg = Release|Any CPU
		{C5EB2C53-904F-4A3E-80D7-2C8A35F9FAAF}.Release|iPhoneSimulator.Build.0 = Release|Any CPU
		{FF565BA2-92F8-487B-AA5E-C0B175DA28B7}.Ad-Hoc|Any CPU.ActiveCfg = Debug|Any CPU
		{FF565BA2-92F8-487B-AA5E-C0B175DA28B7}.Ad-Hoc|iPhone.ActiveCfg = Release|Any CPU
		{FF565BA2-92F8-487B-AA5E-C0B175DA28B7}.Ad-Hoc|iPhone.Build.0 = Release|Any CPU
		{FF565BA2-92F8-487B-AA5E-C0B175DA28B7}.Ad-Hoc|iPhoneSimulator.ActiveCfg = Debug|Any CPU
		{FF565BA2-92F8-487B-AA5E-C0B175DA28B7}.AppStore|Any CPU.ActiveCfg = Debug|Any CPU
		{FF565BA2-92F8-487B-AA5E-C0B175DA28B7}.AppStore|iPhone.ActiveCfg = Release|Any CPU
		{FF565BA2-92F8-487B-AA5E-C0B175DA28B7}.AppStore|iPhone.Build.0 = Release|Any CPU
		{FF565BA2-92F8-487B-AA5E-C0B175DA28B7}.AppStore|iPhoneSimulator.ActiveCfg = Debug|Any CPU
		{FF565BA2-92F8-487B-AA5E-C0B175DA28B7}.Debug|Any CPU.ActiveCfg = Debug|Any CPU
		{FF565BA2-92F8-487B-AA5E-C0B175DA28B7}.Debug|Any CPU.Build.0 = Debug|Any CPU
		{FF565BA2-92F8-487B-AA5E-C0B175DA28B7}.Debug|iPhone.ActiveCfg = Debug|Any CPU
		{FF565BA2-92F8-487B-AA5E-C0B175DA28B7}.Debug|iPhone.Build.0 = Debug|Any CPU
		{FF565BA2-92F8-487B-AA5E-C0B175DA28B7}.Debug|iPhoneSimulator.ActiveCfg = Debug|Any CPU
		{FF565BA2-92F8-487B-AA5E-C0B175DA28B7}.Debug|iPhoneSimulator.Build.0 = Debug|Any CPU
		{FF565BA2-92F8-487B-AA5E-C0B175DA28B7}.Release|Any CPU.ActiveCfg = Release|Any CPU
		{FF565BA2-92F8-487B-AA5E-C0B175DA28B7}.Release|Any CPU.Build.0 = Release|Any CPU
		{FF565BA2-92F8-487B-AA5E-C0B175DA28B7}.Release|iPhone.ActiveCfg = Release|Any CPU
		{FF565BA2-92F8-487B-AA5E-C0B175DA28B7}.Release|iPhone.Build.0 = Release|Any CPU
		{FF565BA2-92F8-487B-AA5E-C0B175DA28B7}.Release|iPhoneSimulator.ActiveCfg = Release|Any CPU
		{FF565BA2-92F8-487B-AA5E-C0B175DA28B7}.Release|iPhoneSimulator.Build.0 = Release|Any CPU
		{D62F445D-B668-417A-AEF2-D91E63C2CDE5}.Ad-Hoc|Any CPU.ActiveCfg = Debug|Any CPU
		{D62F445D-B668-417A-AEF2-D91E63C2CDE5}.Ad-Hoc|iPhone.ActiveCfg = Release|Any CPU
		{D62F445D-B668-417A-AEF2-D91E63C2CDE5}.Ad-Hoc|iPhone.Build.0 = Release|Any CPU
		{D62F445D-B668-417A-AEF2-D91E63C2CDE5}.Ad-Hoc|iPhoneSimulator.ActiveCfg = Debug|Any CPU
		{D62F445D-B668-417A-AEF2-D91E63C2CDE5}.AppStore|Any CPU.ActiveCfg = Debug|Any CPU
		{D62F445D-B668-417A-AEF2-D91E63C2CDE5}.AppStore|iPhone.ActiveCfg = Release|Any CPU
		{D62F445D-B668-417A-AEF2-D91E63C2CDE5}.AppStore|iPhone.Build.0 = Release|Any CPU
		{D62F445D-B668-417A-AEF2-D91E63C2CDE5}.AppStore|iPhoneSimulator.ActiveCfg = Debug|Any CPU
		{D62F445D-B668-417A-AEF2-D91E63C2CDE5}.Debug|Any CPU.ActiveCfg = Debug|Any CPU
		{D62F445D-B668-417A-AEF2-D91E63C2CDE5}.Debug|Any CPU.Build.0 = Debug|Any CPU
		{D62F445D-B668-417A-AEF2-D91E63C2CDE5}.Debug|iPhone.ActiveCfg = Debug|Any CPU
		{D62F445D-B668-417A-AEF2-D91E63C2CDE5}.Debug|iPhone.Build.0 = Debug|Any CPU
		{D62F445D-B668-417A-AEF2-D91E63C2CDE5}.Debug|iPhoneSimulator.ActiveCfg = Debug|Any CPU
		{D62F445D-B668-417A-AEF2-D91E63C2CDE5}.Debug|iPhoneSimulator.Build.0 = Debug|Any CPU
		{D62F445D-B668-417A-AEF2-D91E63C2CDE5}.Release|Any CPU.ActiveCfg = Release|Any CPU
		{D62F445D-B668-417A-AEF2-D91E63C2CDE5}.Release|Any CPU.Build.0 = Release|Any CPU
		{D62F445D-B668-417A-AEF2-D91E63C2CDE5}.Release|iPhone.ActiveCfg = Release|Any CPU
		{D62F445D-B668-417A-AEF2-D91E63C2CDE5}.Release|iPhone.Build.0 = Release|Any CPU
		{D62F445D-B668-417A-AEF2-D91E63C2CDE5}.Release|iPhoneSimulator.ActiveCfg = Release|Any CPU
		{D62F445D-B668-417A-AEF2-D91E63C2CDE5}.Release|iPhoneSimulator.Build.0 = Release|Any CPU
		{DA85B7A1-232D-427B-A7AA-922B70F892D6}.Ad-Hoc|Any CPU.ActiveCfg = Ad-Hoc|iPhone
		{DA85B7A1-232D-427B-A7AA-922B70F892D6}.Ad-Hoc|iPhone.ActiveCfg = Ad-Hoc|iPhone
		{DA85B7A1-232D-427B-A7AA-922B70F892D6}.Ad-Hoc|iPhone.Build.0 = Ad-Hoc|iPhone
		{DA85B7A1-232D-427B-A7AA-922B70F892D6}.Ad-Hoc|iPhoneSimulator.ActiveCfg = Ad-Hoc|iPhone
		{DA85B7A1-232D-427B-A7AA-922B70F892D6}.AppStore|Any CPU.ActiveCfg = AppStore|iPhone
		{DA85B7A1-232D-427B-A7AA-922B70F892D6}.AppStore|iPhone.ActiveCfg = AppStore|iPhone
		{DA85B7A1-232D-427B-A7AA-922B70F892D6}.AppStore|iPhone.Build.0 = AppStore|iPhone
		{DA85B7A1-232D-427B-A7AA-922B70F892D6}.AppStore|iPhoneSimulator.ActiveCfg = AppStore|iPhone
		{DA85B7A1-232D-427B-A7AA-922B70F892D6}.Debug|Any CPU.ActiveCfg = Debug|iPhoneSimulator
		{DA85B7A1-232D-427B-A7AA-922B70F892D6}.Debug|Any CPU.Build.0 = Debug|iPhoneSimulator
		{DA85B7A1-232D-427B-A7AA-922B70F892D6}.Debug|iPhone.ActiveCfg = Debug|iPhone
		{DA85B7A1-232D-427B-A7AA-922B70F892D6}.Debug|iPhone.Build.0 = Debug|iPhone
		{DA85B7A1-232D-427B-A7AA-922B70F892D6}.Debug|iPhoneSimulator.ActiveCfg = Debug|iPhoneSimulator
		{DA85B7A1-232D-427B-A7AA-922B70F892D6}.Debug|iPhoneSimulator.Build.0 = Debug|iPhoneSimulator
		{DA85B7A1-232D-427B-A7AA-922B70F892D6}.Release|Any CPU.ActiveCfg = Release|iPhoneSimulator
		{DA85B7A1-232D-427B-A7AA-922B70F892D6}.Release|Any CPU.Build.0 = Release|iPhoneSimulator
		{DA85B7A1-232D-427B-A7AA-922B70F892D6}.Release|iPhone.ActiveCfg = Release|iPhone
		{DA85B7A1-232D-427B-A7AA-922B70F892D6}.Release|iPhone.Build.0 = Release|iPhone
		{DA85B7A1-232D-427B-A7AA-922B70F892D6}.Release|iPhoneSimulator.ActiveCfg = Release|iPhoneSimulator
		{DA85B7A1-232D-427B-A7AA-922B70F892D6}.Release|iPhoneSimulator.Build.0 = Release|iPhoneSimulator
		{543A833A-B3E2-4ED5-98C4-BF890BC676A9}.Ad-Hoc|Any CPU.ActiveCfg = Debug|Any CPU
		{543A833A-B3E2-4ED5-98C4-BF890BC676A9}.Ad-Hoc|iPhone.ActiveCfg = Release|Any CPU
		{543A833A-B3E2-4ED5-98C4-BF890BC676A9}.Ad-Hoc|iPhone.Build.0 = Release|Any CPU
		{543A833A-B3E2-4ED5-98C4-BF890BC676A9}.Ad-Hoc|iPhoneSimulator.ActiveCfg = Debug|Any CPU
		{543A833A-B3E2-4ED5-98C4-BF890BC676A9}.AppStore|Any CPU.ActiveCfg = Debug|Any CPU
		{543A833A-B3E2-4ED5-98C4-BF890BC676A9}.AppStore|iPhone.ActiveCfg = Release|Any CPU
		{543A833A-B3E2-4ED5-98C4-BF890BC676A9}.AppStore|iPhone.Build.0 = Release|Any CPU
		{543A833A-B3E2-4ED5-98C4-BF890BC676A9}.AppStore|iPhoneSimulator.ActiveCfg = Debug|Any CPU
		{543A833A-B3E2-4ED5-98C4-BF890BC676A9}.Debug|Any CPU.ActiveCfg = Debug|Any CPU
		{543A833A-B3E2-4ED5-98C4-BF890BC676A9}.Debug|Any CPU.Build.0 = Debug|Any CPU
		{543A833A-B3E2-4ED5-98C4-BF890BC676A9}.Debug|iPhone.ActiveCfg = Debug|Any CPU
		{543A833A-B3E2-4ED5-98C4-BF890BC676A9}.Debug|iPhone.Build.0 = Debug|Any CPU
		{543A833A-B3E2-4ED5-98C4-BF890BC676A9}.Debug|iPhoneSimulator.ActiveCfg = Debug|Any CPU
		{543A833A-B3E2-4ED5-98C4-BF890BC676A9}.Debug|iPhoneSimulator.Build.0 = Debug|Any CPU
		{543A833A-B3E2-4ED5-98C4-BF890BC676A9}.Release|Any CPU.ActiveCfg = Release|Any CPU
		{543A833A-B3E2-4ED5-98C4-BF890BC676A9}.Release|Any CPU.Build.0 = Release|Any CPU
		{543A833A-B3E2-4ED5-98C4-BF890BC676A9}.Release|iPhone.ActiveCfg = Release|Any CPU
		{543A833A-B3E2-4ED5-98C4-BF890BC676A9}.Release|iPhone.Build.0 = Release|Any CPU
		{543A833A-B3E2-4ED5-98C4-BF890BC676A9}.Release|iPhoneSimulator.ActiveCfg = Release|Any CPU
		{543A833A-B3E2-4ED5-98C4-BF890BC676A9}.Release|iPhoneSimulator.Build.0 = Release|Any CPU
		{ACA03A1E-FCBB-4B6A-BE04-1322E96D169F}.Ad-Hoc|Any CPU.ActiveCfg = Ad-Hoc|iPhone
		{ACA03A1E-FCBB-4B6A-BE04-1322E96D169F}.Ad-Hoc|iPhone.ActiveCfg = Ad-Hoc|iPhone
		{ACA03A1E-FCBB-4B6A-BE04-1322E96D169F}.Ad-Hoc|iPhone.Build.0 = Ad-Hoc|iPhone
		{ACA03A1E-FCBB-4B6A-BE04-1322E96D169F}.Ad-Hoc|iPhoneSimulator.ActiveCfg = Ad-Hoc|iPhone
		{ACA03A1E-FCBB-4B6A-BE04-1322E96D169F}.AppStore|Any CPU.ActiveCfg = AppStore|iPhone
		{ACA03A1E-FCBB-4B6A-BE04-1322E96D169F}.AppStore|iPhone.ActiveCfg = AppStore|iPhone
		{ACA03A1E-FCBB-4B6A-BE04-1322E96D169F}.AppStore|iPhone.Build.0 = AppStore|iPhone
		{ACA03A1E-FCBB-4B6A-BE04-1322E96D169F}.AppStore|iPhoneSimulator.ActiveCfg = AppStore|iPhone
		{ACA03A1E-FCBB-4B6A-BE04-1322E96D169F}.Debug|Any CPU.ActiveCfg = Debug|iPhoneSimulator
		{ACA03A1E-FCBB-4B6A-BE04-1322E96D169F}.Debug|Any CPU.Build.0 = Debug|iPhoneSimulator
		{ACA03A1E-FCBB-4B6A-BE04-1322E96D169F}.Debug|iPhone.ActiveCfg = Debug|iPhone
		{ACA03A1E-FCBB-4B6A-BE04-1322E96D169F}.Debug|iPhone.Build.0 = Debug|iPhone
		{ACA03A1E-FCBB-4B6A-BE04-1322E96D169F}.Debug|iPhoneSimulator.ActiveCfg = Debug|iPhoneSimulator
		{ACA03A1E-FCBB-4B6A-BE04-1322E96D169F}.Debug|iPhoneSimulator.Build.0 = Debug|iPhoneSimulator
		{ACA03A1E-FCBB-4B6A-BE04-1322E96D169F}.Release|Any CPU.ActiveCfg = Release|iPhoneSimulator
		{ACA03A1E-FCBB-4B6A-BE04-1322E96D169F}.Release|Any CPU.Build.0 = Release|iPhoneSimulator
		{ACA03A1E-FCBB-4B6A-BE04-1322E96D169F}.Release|iPhone.ActiveCfg = Release|iPhone
		{ACA03A1E-FCBB-4B6A-BE04-1322E96D169F}.Release|iPhone.Build.0 = Release|iPhone
		{ACA03A1E-FCBB-4B6A-BE04-1322E96D169F}.Release|iPhoneSimulator.ActiveCfg = Release|iPhoneSimulator
		{ACA03A1E-FCBB-4B6A-BE04-1322E96D169F}.Release|iPhoneSimulator.Build.0 = Release|iPhoneSimulator
		{C33A73F1-1CEC-4550-97B9-E7571E9AF4E6}.Ad-Hoc|Any CPU.ActiveCfg = Debug|Any CPU
		{C33A73F1-1CEC-4550-97B9-E7571E9AF4E6}.Ad-Hoc|iPhone.ActiveCfg = Release|Any CPU
		{C33A73F1-1CEC-4550-97B9-E7571E9AF4E6}.Ad-Hoc|iPhone.Build.0 = Release|Any CPU
		{C33A73F1-1CEC-4550-97B9-E7571E9AF4E6}.Ad-Hoc|iPhoneSimulator.ActiveCfg = Debug|Any CPU
		{C33A73F1-1CEC-4550-97B9-E7571E9AF4E6}.AppStore|Any CPU.ActiveCfg = Debug|Any CPU
		{C33A73F1-1CEC-4550-97B9-E7571E9AF4E6}.AppStore|iPhone.ActiveCfg = Release|Any CPU
		{C33A73F1-1CEC-4550-97B9-E7571E9AF4E6}.AppStore|iPhone.Build.0 = Release|Any CPU
		{C33A73F1-1CEC-4550-97B9-E7571E9AF4E6}.AppStore|iPhoneSimulator.ActiveCfg = Debug|Any CPU
		{C33A73F1-1CEC-4550-97B9-E7571E9AF4E6}.Debug|Any CPU.ActiveCfg = Debug|Any CPU
		{C33A73F1-1CEC-4550-97B9-E7571E9AF4E6}.Debug|Any CPU.Build.0 = Debug|Any CPU
		{C33A73F1-1CEC-4550-97B9-E7571E9AF4E6}.Debug|iPhone.ActiveCfg = Debug|Any CPU
		{C33A73F1-1CEC-4550-97B9-E7571E9AF4E6}.Debug|iPhone.Build.0 = Debug|Any CPU
		{C33A73F1-1CEC-4550-97B9-E7571E9AF4E6}.Debug|iPhoneSimulator.ActiveCfg = Debug|Any CPU
		{C33A73F1-1CEC-4550-97B9-E7571E9AF4E6}.Debug|iPhoneSimulator.Build.0 = Debug|Any CPU
		{C33A73F1-1CEC-4550-97B9-E7571E9AF4E6}.Release|Any CPU.ActiveCfg = Release|Any CPU
		{C33A73F1-1CEC-4550-97B9-E7571E9AF4E6}.Release|Any CPU.Build.0 = Release|Any CPU
		{C33A73F1-1CEC-4550-97B9-E7571E9AF4E6}.Release|iPhone.ActiveCfg = Release|Any CPU
		{C33A73F1-1CEC-4550-97B9-E7571E9AF4E6}.Release|iPhone.Build.0 = Release|Any CPU
		{C33A73F1-1CEC-4550-97B9-E7571E9AF4E6}.Release|iPhoneSimulator.ActiveCfg = Release|Any CPU
		{C33A73F1-1CEC-4550-97B9-E7571E9AF4E6}.Release|iPhoneSimulator.Build.0 = Release|Any CPU
		{B13BAA9E-28C5-44C9-9C30-DB75093EC4A9}.Ad-Hoc|Any CPU.ActiveCfg = Release|Any CPU
		{B13BAA9E-28C5-44C9-9C30-DB75093EC4A9}.Ad-Hoc|Any CPU.Build.0 = Release|Any CPU
		{B13BAA9E-28C5-44C9-9C30-DB75093EC4A9}.Ad-Hoc|iPhone.ActiveCfg = Release|Any CPU
		{B13BAA9E-28C5-44C9-9C30-DB75093EC4A9}.Ad-Hoc|iPhone.Build.0 = Release|Any CPU
		{B13BAA9E-28C5-44C9-9C30-DB75093EC4A9}.Ad-Hoc|iPhoneSimulator.ActiveCfg = Release|Any CPU
		{B13BAA9E-28C5-44C9-9C30-DB75093EC4A9}.Ad-Hoc|iPhoneSimulator.Build.0 = Release|Any CPU
		{B13BAA9E-28C5-44C9-9C30-DB75093EC4A9}.AppStore|Any CPU.ActiveCfg = Release|Any CPU
		{B13BAA9E-28C5-44C9-9C30-DB75093EC4A9}.AppStore|Any CPU.Build.0 = Release|Any CPU
		{B13BAA9E-28C5-44C9-9C30-DB75093EC4A9}.AppStore|iPhone.ActiveCfg = Release|Any CPU
		{B13BAA9E-28C5-44C9-9C30-DB75093EC4A9}.AppStore|iPhone.Build.0 = Release|Any CPU
		{B13BAA9E-28C5-44C9-9C30-DB75093EC4A9}.AppStore|iPhoneSimulator.ActiveCfg = Release|Any CPU
		{B13BAA9E-28C5-44C9-9C30-DB75093EC4A9}.AppStore|iPhoneSimulator.Build.0 = Release|Any CPU
		{B13BAA9E-28C5-44C9-9C30-DB75093EC4A9}.Debug|Any CPU.ActiveCfg = Debug|Any CPU
		{B13BAA9E-28C5-44C9-9C30-DB75093EC4A9}.Debug|Any CPU.Build.0 = Debug|Any CPU
		{B13BAA9E-28C5-44C9-9C30-DB75093EC4A9}.Debug|iPhone.ActiveCfg = Debug|Any CPU
		{B13BAA9E-28C5-44C9-9C30-DB75093EC4A9}.Debug|iPhone.Build.0 = Debug|Any CPU
		{B13BAA9E-28C5-44C9-9C30-DB75093EC4A9}.Debug|iPhoneSimulator.ActiveCfg = Debug|Any CPU
		{B13BAA9E-28C5-44C9-9C30-DB75093EC4A9}.Debug|iPhoneSimulator.Build.0 = Debug|Any CPU
		{B13BAA9E-28C5-44C9-9C30-DB75093EC4A9}.Release|Any CPU.ActiveCfg = Release|Any CPU
		{B13BAA9E-28C5-44C9-9C30-DB75093EC4A9}.Release|Any CPU.Build.0 = Release|Any CPU
		{B13BAA9E-28C5-44C9-9C30-DB75093EC4A9}.Release|iPhone.ActiveCfg = Release|Any CPU
		{B13BAA9E-28C5-44C9-9C30-DB75093EC4A9}.Release|iPhone.Build.0 = Release|Any CPU
		{B13BAA9E-28C5-44C9-9C30-DB75093EC4A9}.Release|iPhoneSimulator.ActiveCfg = Release|Any CPU
		{B13BAA9E-28C5-44C9-9C30-DB75093EC4A9}.Release|iPhoneSimulator.Build.0 = Release|Any CPU
		{CF5E02FC-D232-47A8-9DBD-22520A21BD5D}.Ad-Hoc|Any CPU.ActiveCfg = Release|Any CPU
		{CF5E02FC-D232-47A8-9DBD-22520A21BD5D}.Ad-Hoc|Any CPU.Build.0 = Release|Any CPU
		{CF5E02FC-D232-47A8-9DBD-22520A21BD5D}.Ad-Hoc|iPhone.ActiveCfg = Release|Any CPU
		{CF5E02FC-D232-47A8-9DBD-22520A21BD5D}.Ad-Hoc|iPhone.Build.0 = Release|Any CPU
		{CF5E02FC-D232-47A8-9DBD-22520A21BD5D}.Ad-Hoc|iPhoneSimulator.ActiveCfg = Release|Any CPU
		{CF5E02FC-D232-47A8-9DBD-22520A21BD5D}.Ad-Hoc|iPhoneSimulator.Build.0 = Release|Any CPU
		{CF5E02FC-D232-47A8-9DBD-22520A21BD5D}.AppStore|Any CPU.ActiveCfg = Release|Any CPU
		{CF5E02FC-D232-47A8-9DBD-22520A21BD5D}.AppStore|Any CPU.Build.0 = Release|Any CPU
		{CF5E02FC-D232-47A8-9DBD-22520A21BD5D}.AppStore|iPhone.ActiveCfg = Release|Any CPU
		{CF5E02FC-D232-47A8-9DBD-22520A21BD5D}.AppStore|iPhone.Build.0 = Release|Any CPU
		{CF5E02FC-D232-47A8-9DBD-22520A21BD5D}.AppStore|iPhoneSimulator.ActiveCfg = Release|Any CPU
		{CF5E02FC-D232-47A8-9DBD-22520A21BD5D}.AppStore|iPhoneSimulator.Build.0 = Release|Any CPU
		{CF5E02FC-D232-47A8-9DBD-22520A21BD5D}.Debug|Any CPU.ActiveCfg = Debug|Any CPU
		{CF5E02FC-D232-47A8-9DBD-22520A21BD5D}.Debug|Any CPU.Build.0 = Debug|Any CPU
		{CF5E02FC-D232-47A8-9DBD-22520A21BD5D}.Debug|iPhone.ActiveCfg = Debug|Any CPU
		{CF5E02FC-D232-47A8-9DBD-22520A21BD5D}.Debug|iPhone.Build.0 = Debug|Any CPU
		{CF5E02FC-D232-47A8-9DBD-22520A21BD5D}.Debug|iPhoneSimulator.ActiveCfg = Debug|Any CPU
		{CF5E02FC-D232-47A8-9DBD-22520A21BD5D}.Debug|iPhoneSimulator.Build.0 = Debug|Any CPU
		{CF5E02FC-D232-47A8-9DBD-22520A21BD5D}.Release|Any CPU.ActiveCfg = Release|Any CPU
		{CF5E02FC-D232-47A8-9DBD-22520A21BD5D}.Release|Any CPU.Build.0 = Release|Any CPU
		{CF5E02FC-D232-47A8-9DBD-22520A21BD5D}.Release|iPhone.ActiveCfg = Release|Any CPU
		{CF5E02FC-D232-47A8-9DBD-22520A21BD5D}.Release|iPhone.Build.0 = Release|Any CPU
		{CF5E02FC-D232-47A8-9DBD-22520A21BD5D}.Release|iPhoneSimulator.ActiveCfg = Release|Any CPU
		{CF5E02FC-D232-47A8-9DBD-22520A21BD5D}.Release|iPhoneSimulator.Build.0 = Release|Any CPU
	EndGlobalSection
	GlobalSection(SolutionProperties) = preSolution
		HideSolutionNode = FALSE
	EndGlobalSection
	GlobalSection(NestedProjects) = preSolution
		{DA85B7A1-232D-427B-A7AA-922B70F892D6} = {CF85437A-5572-411F-8B2E-B29FDDF1BB9F}
		{543A833A-B3E2-4ED5-98C4-BF890BC676A9} = {CF85437A-5572-411F-8B2E-B29FDDF1BB9F}
		{34F6FCF1-09EB-469A-BB0E-E857F5EF1996} = {CF85437A-5572-411F-8B2E-B29FDDF1BB9F}
		{ADE98D6B-F312-444B-8601-BB67B55066C1} = {CF85437A-5572-411F-8B2E-B29FDDF1BB9F}
		{ACA03A1E-FCBB-4B6A-BE04-1322E96D169F} = {ADE98D6B-F312-444B-8601-BB67B55066C1}
		{C33A73F1-1CEC-4550-97B9-E7571E9AF4E6} = {ADE98D6B-F312-444B-8601-BB67B55066C1}
		{CF5E02FC-D232-47A8-9DBD-22520A21BD5D} = {CF85437A-5572-411F-8B2E-B29FDDF1BB9F}
	EndGlobalSection
EndGlobal
